
Microsoft Visual Studio Solution File, Format Version 12.00
# Visual Studio Version 16
VisualStudioVersion = 16.0.30804.86
MinimumVisualStudioVersion = 10.0.40219.1
Project("{888888A0-9F3D-457C-B088-3A5042F75D52}") = "white201_bot", "white201_bot\white201_bot.pyproj", "{0E9A6D95-F06F-4274-8AE2-C145A2C7A8E9}"
EndProject
Global
	GlobalSection(SolutionConfigurationPlatforms) = preSolution
		Debug|Any CPU = Debug|Any CPU
		Release|Any CPU = Release|Any CPU
	EndGlobalSection
	GlobalSection(ProjectConfigurationPlatforms) = postSolution
		{0E9A6D95-F06F-4274-8AE2-C145A2C7A8E9}.Debug|Any CPU.ActiveCfg = Debug|Any CPU
		{0E9A6D95-F06F-4274-8AE2-C145A2C7A8E9}.Debug|Any CPU.Build.0 = Debug|Any CPU
		{0E9A6D95-F06F-4274-8AE2-C145A2C7A8E9}.Release|Any CPU.ActiveCfg = Release|Any CPU
		{0E9A6D95-F06F-4274-8AE2-C145A2C7A8E9}.Release|Any CPU.Build.0 = Release|Any CPU
	EndGlobalSection
	GlobalSection(SolutionProperties) = preSolution
		HideSolutionNode = FALSE
	EndGlobalSection
	GlobalSection(ExtensibilityGlobals) = postSolution
		SolutionGuid = {6A717AC0-73CF-4E37-9EA3-8DCB31AC0FE3}
	EndGlobalSection
EndGlobal
